
Microsoft Visual Studio Solution File, Format Version 12.00
# Visual Studio Version 17
VisualStudioVersion = 17.0.32014.148
MinimumVisualStudioVersion = 10.0.40219.1
Project("{8BC9CEB8-8B4A-11D0-8D11-00A0C91BC942}") = "wordle", "wordle.vcxproj", "{3061567F-CF64-40CC-9289-4380B548F5BA}"
EndProject
Global
	GlobalSection(SolutionConfigurationPlatforms) = preSolution
		Debug|x64 = Debug|x64
		Debug|x86 = Debug|x86
		Release|x64 = Release|x64
		Release|x86 = Release|x86
	EndGlobalSection
	GlobalSection(ProjectConfigurationPlatforms) = postSolution
		{3061567F-CF64-40CC-9289-4380B548F5BA}.Debug|x64.ActiveCfg = Debug|x64
		{3061567F-CF64-40CC-9289-4380B548F5BA}.Debug|x64.Build.0 = Debug|x64
		{3061567F-CF64-40CC-9289-4380B548F5BA}.Debug|x86.ActiveCfg = Debug|Win32
		{3061567F-CF64-40CC-9289-4380B548F5BA}.Debug|x86.Build.0 = Debug|Win32
		{3061567F-CF64-40CC-9289-4380B548F5BA}.Release|x64.ActiveCfg = Release|x64
		{3061567F-CF64-40CC-9289-4380B548F5BA}.Release|x64.Build.0 = Release|x64
		{3061567F-CF64-40CC-9289-4380B548F5BA}.Release|x86.ActiveCfg = Release|Win32
		{3061567F-CF64-40CC-9289-4380B548F5BA}.Release|x86.Build.0 = Release|Win32
	EndGlobalSection
	GlobalSection(SolutionProperties) = preSolution
		HideSolutionNode = FALSE
	EndGlobalSection
	GlobalSection(ExtensibilityGlobals) = postSolution
		SolutionGuid = {5CD7742B-97E4-443B-BBD8-A25EF2E9FBE9}
	EndGlobalSection
EndGlobal
